version = 1
revision = 3
requires-python = ">=3.10"

[[package]]
name = "flagcel-openfeature"
version = "0.0.0"
source = { editable = "../../sdks/python" }
dependencies = [
    { name = "openfeature-sdk" },
]

[package.metadata]
requires-dist = [
    { name = "openfeature-sdk", specifier = ">=0.9,<1" },
    { name = "pytest", marker = "extra == 'test'", specifier = ">=8" },
]
provides-extras = ["test"]

[[package]]
name = "flagcel-python-sdk-example"
version = "0.1.0"
source = { virtual = "." }
dependencies = [
    { name = "flagcel-openfeature" },
    { name = "openfeature-sdk" },
]

[package.metadata]
requires-dist = [
    { name = "flagcel-openfeature", editable = "../../sdks/python" },
    { name = "openfeature-sdk", specifier = ">=0.9,<1" },
]

[[package]]
name = "openfeature-sdk"
version = "0.10.0"
source = { registry = "https://pypi.org/simple" }
sdist = { url = "https://files.pythonhosted.org/packages/24/30/cfc684b7d8314398d476ae8ed515c10db99c4d7f950989db464b4ded12ce/openfeature_sdk-0.10.0.tar.gz", hash = "sha256:938c2540bdea4da3b01ef507517ee636f223a35abaaca845c5587e594151b052", size = 33516, upload-time = "2026-06-01T19:45:35.136Z" }
wheels = [
    { url = "https://files.pythonhosted.org/packages/da/44/8a4f5225e930ff0d999fd43f5d743a4babeb6c7e76dddc00f0e118878ef3/openfeature_sdk-0.10.0-py3-none-any.whl", hash = "sha256:75497ea75d73f684eef509a25f79ad6386368862e050af80ab70a44ae49b33e4", size = 38941, upload-time = "2026-06-01T19:45:33.011Z" },
]
