version = 1
revision = 3
requires-python = ">=3.11"

[[package]]
name = "cel-expr-python"
version = "0.1.2"
source = { registry = "https://pypi.org/simple" }
wheels = [
    { url = "https://files.pythonhosted.org/packages/50/22/c0e631949f25b2f664d0391d1f8e67662538d58fa10cb0cd2452adfee76a/cel_expr_python-0.1.2-cp311-cp311-macosx_11_0_arm64.whl", hash = "sha256:c25f340e2e2f60949c63d4a951ae6c4800dce570f7ee2ae4f8832b0de14639de", size = 11768735, upload-time = "2026-06-01T17:23:35.256Z" },
    { url = "https://files.pythonhosted.org/packages/ce/01/a1f30887dbdc839e9dfe0af0a8d2f2bc37bbd4d4216bab1ef4567f6ff4eb/cel_expr_python-0.1.2-cp311-cp311-manylinux_2_27_x86_64.manylinux_2_28_x86_64.whl", hash = "sha256:b56d6715ff1c011b7059e2b7fed462e34e5926f3de25e76b7298c74623813322", size = 15719095, upload-time = "2026-06-01T17:23:37.599Z" },
    { url = "https://files.pythonhosted.org/packages/03/31/ff89b8ea544e2159498c9e30a9712278b00ba8ea498f88d0c8d3ffe4f81b/cel_expr_python-0.1.2-cp311-cp311-win_amd64.whl", hash = "sha256:5509ea5b6d9f34c213a21a5974d865298274a8b214fcb828232846dd8ec3116e", size = 7510435, upload-time = "2026-06-01T17:23:39.911Z" },
    { url = "https://files.pythonhosted.org/packages/9f/bb/3a9f008001e86a4995d5e68785d0afc78debee9d69faf97b11bd3135a9f2/cel_expr_python-0.1.2-cp312-cp312-macosx_11_0_arm64.whl", hash = "sha256:d98c2b821c921e41965c54688fe23bef26742f0a138a75e3928359bd2090b183", size = 11771428, upload-time = "2026-06-01T17:23:41.57Z" },
    { url = "https://files.pythonhosted.org/packages/87/12/1309c203a38c573549a393475fb9a503b543f551618f59a74a4632a0a544/cel_expr_python-0.1.2-cp312-cp312-manylinux_2_27_x86_64.manylinux_2_28_x86_64.whl", hash = "sha256:671b230b2fefdc621d5038ae7d9ccff651c12a9913137b03a6cf78556fba0f94", size = 17007730, upload-time = "2026-06-01T17:23:43.614Z" },
    { url = "https://files.pythonhosted.org/packages/ed/d6/1c50a96289c52ca577910e7eca482b12f79a4ac2847ad7a9fccb22ff7be8/cel_expr_python-0.1.2-cp312-cp312-win_amd64.whl", hash = "sha256:d7b1acd64c8150ddc7bf33dbb5e9761643d6783b59d0b05b96259c327de58297", size = 14508902, upload-time = "2026-06-01T17:23:46.078Z" },
    { url = "https://files.pythonhosted.org/packages/59/79/75d0897dd2c3c9f20376ae7a369de7b528ba7064632621463f920ad52517/cel_expr_python-0.1.2-cp313-cp313-macosx_11_0_arm64.whl", hash = "sha256:a6c4e4218a4b18cc54c061f3bfc53f4cbac2ca8ae43a0c2fb2fdaa07cb7dae4d", size = 11772034, upload-time = "2026-06-01T17:23:48.768Z" },
    { url = "https://files.pythonhosted.org/packages/8f/24/20c381d663f53bb7283e47da091afbe7f6e7e3add39fc14aa748a767b011/cel_expr_python-0.1.2-cp313-cp313-manylinux_2_27_x86_64.manylinux_2_28_x86_64.whl", hash = "sha256:6fb2d134468317eefaed035560a07a7e783db7df256777efbae8236e96b3f6e8", size = 17007586, upload-time = "2026-06-01T17:23:50.996Z" },
    { url = "https://files.pythonhosted.org/packages/3c/48/130a95394dd682dc28ac8b9a2db5e8d33cf8feaa56abcd90b7d95f447065/cel_expr_python-0.1.2-cp313-cp313-win_amd64.whl", hash = "sha256:1fc95a2bfe6d1f9d643a67b65a46f7dadd8f4da73aa7c51b59821c23e648001b", size = 13209211, upload-time = "2026-06-01T17:23:54.18Z" },
    { url = "https://files.pythonhosted.org/packages/e5/8e/a972241000dc24364aa3c4f79ea8c27810f8f23d52913dab212b9533d207/cel_expr_python-0.1.2-cp314-cp314-macosx_11_0_arm64.whl", hash = "sha256:8f431b5f3806710d0c6eeeba79a0b6268f63995fcaa62f85273f2906621894d7", size = 11775212, upload-time = "2026-06-01T17:23:56.761Z" },
    { url = "https://files.pythonhosted.org/packages/72/e6/1fc92ee93c0ff77033358b05fab242227427bbbcd37553ad7277957c6c5f/cel_expr_python-0.1.2-cp314-cp314-manylinux_2_27_x86_64.manylinux_2_28_x86_64.whl", hash = "sha256:bf8f571da3cee607e9df8a4733efd32bf479d20d5bfdabc13913076119485bc9", size = 17008509, upload-time = "2026-06-01T17:23:59.172Z" },
]

[[package]]
name = "colorama"
version = "0.4.6"
source = { registry = "https://pypi.org/simple" }
sdist = { url = "https://files.pythonhosted.org/packages/d8/53/6f443c9a4a8358a93a6792e2acffb9d9d5cb0a5cfd8802644b7b1c9a02e4/colorama-0.4.6.tar.gz", hash = "sha256:08695f5cb7ed6e0531a20572697297273c47b8cae5a63ffc6d6ed5c201be6e44", size = 27697, upload-time = "2022-10-25T02:36:22.414Z" }
wheels = [
    { url = "https://files.pythonhosted.org/packages/d1/d6/3965ed04c63042e047cb6a3e6ed1a63a35087b6a609aa3a15ed8ac56c221/colorama-0.4.6-py2.py3-none-any.whl", hash = "sha256:4f1d9991f5acc0ca119f9d443620b77f9d6b33703e51011c16baf57afb285fc6", size = 25335, upload-time = "2022-10-25T02:36:20.889Z" },
]

[[package]]
name = "flagcel-openfeature"
version = "0.0.0"
source = { virtual = "." }
dependencies = [
    { name = "cel-expr-python" },
    { name = "openfeature-sdk" },
]

[package.optional-dependencies]
test = [
    { name = "pytest" },
]

[package.metadata]
requires-dist = [
    { name = "cel-expr-python", specifier = ">=0.1.2,<0.2" },
    { name = "openfeature-sdk", specifier = ">=0.9,<1" },
    { name = "pytest", marker = "extra == 'test'", specifier = ">=8" },
]
provides-extras = ["test"]

[[package]]
name = "iniconfig"
version = "2.3.0"
source = { registry = "https://pypi.org/simple" }
sdist = { url = "https://files.pythonhosted.org/packages/72/34/14ca021ce8e5dfedc35312d08ba8bf51fdd999c576889fc2c24cb97f4f10/iniconfig-2.3.0.tar.gz", hash = "sha256:c76315c77db068650d49c5b56314774a7804df16fee4402c1f19d6d15d8c4730", size = 20503, upload-time = "2025-10-18T21:55:43.219Z" }
wheels = [
    { url = "https://files.pythonhosted.org/packages/cb/b1/3846dd7f199d53cb17f49cba7e651e9ce294d8497c8c150530ed11865bb8/iniconfig-2.3.0-py3-none-any.whl", hash = "sha256:f631c04d2c48c52b84d0d0549c99ff3859c98df65b3101406327ecc7d53fbf12", size = 7484, upload-time = "2025-10-18T21:55:41.639Z" },
]

[[package]]
name = "openfeature-sdk"
version = "0.10.0"
source = { registry = "https://pypi.org/simple" }
sdist = { url = "https://files.pythonhosted.org/packages/24/30/cfc684b7d8314398d476ae8ed515c10db99c4d7f950989db464b4ded12ce/openfeature_sdk-0.10.0.tar.gz", hash = "sha256:938c2540bdea4da3b01ef507517ee636f223a35abaaca845c5587e594151b052", size = 33516, upload-time = "2026-06-01T19:45:35.136Z" }
wheels = [
    { url = "https://files.pythonhosted.org/packages/da/44/8a4f5225e930ff0d999fd43f5d743a4babeb6c7e76dddc00f0e118878ef3/openfeature_sdk-0.10.0-py3-none-any.whl", hash = "sha256:75497ea75d73f684eef509a25f79ad6386368862e050af80ab70a44ae49b33e4", size = 38941, upload-time = "2026-06-01T19:45:33.011Z" },
]

[[package]]
name = "packaging"
version = "26.2"
source = { registry = "https://pypi.org/simple" }
sdist = { url = "https://files.pythonhosted.org/packages/d7/f1/e7a6dd94a8d4a5626c03e4e99c87f241ba9e350cd9e6d75123f992427270/packaging-26.2.tar.gz", hash = "sha256:ff452ff5a3e828ce110190feff1178bb1f2ea2281fa2075aadb987c2fb221661", size = 228134, upload-time = "2026-04-24T20:15:23.917Z" }
wheels = [
    { url = "https://files.pythonhosted.org/packages/df/b2/87e62e8c3e2f4b32e5fe99e0b86d576da1312593b39f47d8ceef365e95ed/packaging-26.2-py3-none-any.whl", hash = "sha256:5fc45236b9446107ff2415ce77c807cee2862cb6fac22b8a73826d0693b0980e", size = 100195, upload-time = "2026-04-24T20:15:22.081Z" },
]

[[package]]
name = "pluggy"
version = "1.6.0"
source = { registry = "https://pypi.org/simple" }
sdist = { url = "https://files.pythonhosted.org/packages/f9/e2/3e91f31a7d2b083fe6ef3fa267035b518369d9511ffab804f839851d2779/pluggy-1.6.0.tar.gz", hash = "sha256:7dcc130b76258d33b90f61b658791dede3486c3e6bfb003ee5c9bfb396dd22f3", size = 69412, upload-time = "2025-05-15T12:30:07.975Z" }
wheels = [
    { url = "https://files.pythonhosted.org/packages/54/20/4d324d65cc6d9205fabedc306948156824eb9f0ee1633355a8f7ec5c66bf/pluggy-1.6.0-py3-none-any.whl", hash = "sha256:e920276dd6813095e9377c0bc5566d94c932c33b27a3e3945d8389c374dd4746", size = 20538, upload-time = "2025-05-15T12:30:06.134Z" },
]

[[package]]
name = "pygments"
version = "2.20.0"
source = { registry = "https://pypi.org/simple" }
sdist = { url = "https://files.pythonhosted.org/packages/c3/b2/bc9c9196916376152d655522fdcebac55e66de6603a76a02bca1b6414f6c/pygments-2.20.0.tar.gz", hash = "sha256:6757cd03768053ff99f3039c1a36d6c0aa0b263438fcab17520b30a303a82b5f", size = 4955991, upload-time = "2026-03-29T13:29:33.898Z" }
wheels = [
    { url = "https://files.pythonhosted.org/packages/f4/7e/a72dd26f3b0f4f2bf1dd8923c85f7ceb43172af56d63c7383eb62b332364/pygments-2.20.0-py3-none-any.whl", hash = "sha256:81a9e26dd42fd28a23a2d169d86d7ac03b46e2f8b59ed4698fb4785f946d0176", size = 1231151, upload-time = "2026-03-29T13:29:30.038Z" },
]

[[package]]
name = "pytest"
version = "9.0.3"
source = { registry = "https://pypi.org/simple" }
dependencies = [
    { name = "colorama", marker = "sys_platform == 'win32'" },
    { name = "iniconfig" },
    { name = "packaging" },
    { name = "pluggy" },
    { name = "pygments" },
]
sdist = { url = "https://files.pythonhosted.org/packages/7d/0d/549bd94f1a0a402dc8cf64563a117c0f3765662e2e668477624baeec44d5/pytest-9.0.3.tar.gz", hash = "sha256:b86ada508af81d19edeb213c681b1d48246c1a91d304c6c81a427674c17eb91c", size = 1572165, upload-time = "2026-04-07T17:16:18.027Z" }
wheels = [
    { url = "https://files.pythonhosted.org/packages/d4/24/a372aaf5c9b7208e7112038812994107bc65a84cd00e0354a88c2c77a617/pytest-9.0.3-py3-none-any.whl", hash = "sha256:2c5efc453d45394fdd706ade797c0a81091eccd1d6e4bccfcd476e2b8e0ab5d9", size = 375249, upload-time = "2026-04-07T17:16:16.13Z" },
]
